<?xml version="1.0" encoding="utf-8"?>
<Project ToolsVersion="4.0" xmlns="http://schemas.microsoft.com/developer/msbuild/2003">
  <ItemGroup>
    <Filter Include="头文件">
      <UniqueIdentifier>{93995380-89BD-4b04-88EB-625FBE52EBFB}</UniqueIdentifier>
      <Extensions>h;hh;hpp;hxx;hm;inl;inc;xsd</Extensions>
    </Filter>
    <Filter Include="资源文件">
      <UniqueIdentifier>{67DA6AB6-F800-4c08-8B7A-83BB121AAD01}</UniqueIdentifier>
      <Extensions>rc;ico;cur;bmp;dlg;rc2;rct;bin;rgs;gif;jpg;jpeg;jpe;resx;tiff;tif;png;wav;mfcribbon-ms</Extensions>
    </Filter>
    <Filter Include="头文件\FileEnumerator">
      <UniqueIdentifier>{6f4cf5c6-e391-4ddf-98c3-5b2607bd0772}</UniqueIdentifier>
    </Filter>
    <Filter Include="头文件\MemoryAllocator">
      <UniqueIdentifier>{8531d39a-61ae-4835-85f4-93e8daacfdac}</UniqueIdentifier>
    </Filter>
    <Filter Include="头文件\Process">
      <UniqueIdentifier>{ebc9de61-faff-4f4a-bb8a-a610ef5b27d7}</UniqueIdentifier>
    </Filter>
    <Filter Include="头文件\Shortcut">
      <UniqueIdentifier>{751d3a1a-c433-4e9a-9c75-99fe2b25fdd9}</UniqueIdentifier>
    </Filter>
    <Filter Include="头文件\StringConverter">
      <UniqueIdentifier>{00a38579-8446-418d-984a-e7274844fb0e}</UniqueIdentifier>
    </Filter>
    <Filter Include="头文件\Base">
      <UniqueIdentifier>{b0750c6e-1d15-4e95-a0a3-3493ca0ea351}</UniqueIdentifier>
    </Filter>
    <Filter Include="源文件">
      <UniqueIdentifier>{4FC737F1-C7A5-4376-A066-2A32D752A2FF}</UniqueIdentifier>
      <Extensions>cpp;c;cc;cxx;def;odl;idl;hpj;bat;asm;asmx</Extensions>
    </Filter>
    <Filter Include="源文件\FileEnumerator">
      <UniqueIdentifier>{e3912eb7-2c3c-46be-8d8a-0e055bb2e391}</UniqueIdentifier>
    </Filter>
    <Filter Include="源文件\MemoryAllocator">
      <UniqueIdentifier>{4e8d70aa-14db-4da7-8885-756786129819}</UniqueIdentifier>
    </Filter>
    <Filter Include="源文件\Process">
      <UniqueIdentifier>{9fa75aa7-925f-4ad5-95f1-7aae0907b229}</UniqueIdentifier>
    </Filter>
    <Filter Include="源文件\Shortcut">
      <UniqueIdentifier>{17dcb7f4-0cde-4df2-9e22-0fc5b0909d8b}</UniqueIdentifier>
    </Filter>
    <Filter Include="源文件\StringConverter">
      <UniqueIdentifier>{5b2a6a9b-7723-47ef-af87-45fdca96abe9}</UniqueIdentifier>
    </Filter>
    <Filter Include="头文件\Thread">
      <UniqueIdentifier>{531498ed-8240-44eb-bf2b-28496efc9c48}</UniqueIdentifier>
    </Filter>
    <Filter Include="源文件\Thread">
      <UniqueIdentifier>{2dedf335-9fc4-4324-9044-b424684c01fb}</UniqueIdentifier>
    </Filter>
    <Filter Include="头文件\Lock">
      <UniqueIdentifier>{edb45019-2382-4ad4-8948-4accd29f3768}</UniqueIdentifier>
    </Filter>
    <Filter Include="源文件\Lock">
      <UniqueIdentifier>{ae07d13a-4230-4d2f-ba9b-00acd5d5b5de}</UniqueIdentifier>
    </Filter>
    <Filter Include="头文件\Workflow">
      <UniqueIdentifier>{544480a6-a6d7-4017-99a2-51e1832a29f1}</UniqueIdentifier>
    </Filter>
    <Filter Include="头文件\Archiver">
      <UniqueIdentifier>{eff34ae3-108d-4928-9c35-83c1f6df289e}</UniqueIdentifier>
    </Filter>
    <Filter Include="源文件\Archiver">
      <UniqueIdentifier>{5b170fe2-d57d-4887-9bfc-b40c602d0545}</UniqueIdentifier>
    </Filter>
    <Filter Include="头文件\NetAdapter">
      <UniqueIdentifier>{7b14140d-3c52-4916-908c-d0e7322bb7f8}</UniqueIdentifier>
    </Filter>
    <Filter Include="源文件\NetAdapter">
      <UniqueIdentifier>{536618ac-ef90-4963-8a71-e6bd8f8eef0d}</UniqueIdentifier>
    </Filter>
    <Filter Include="源文件\Base">
      <UniqueIdentifier>{e72acae5-83a3-4325-a0f9-aee13e6a74fe}</UniqueIdentifier>
    </Filter>
    <Filter Include="头文件\FileSystem">
      <UniqueIdentifier>{ef19201b-f990-46c2-8729-30f7ccbe012c}</UniqueIdentifier>
    </Filter>
    <Filter Include="源文件\FileSystem">
      <UniqueIdentifier>{4e3e8b51-571a-4c24-bf76-6adeb658c342}</UniqueIdentifier>
    </Filter>
    <Filter Include="头文件\Library">
      <UniqueIdentifier>{6735cf74-e9cd-42c3-9152-9c7c4d219b4c}</UniqueIdentifier>
    </Filter>
    <Filter Include="源文件\Library">
      <UniqueIdentifier>{d2c2ddae-b009-41de-86fa-9a7532dbbabc}</UniqueIdentifier>
    </Filter>
    <Filter Include="头文件\Log">
      <UniqueIdentifier>{3b16bd26-54a3-492a-ac44-ebf758cafda8}</UniqueIdentifier>
    </Filter>
    <Filter Include="源文件\Log">
      <UniqueIdentifier>{439b5d47-4810-494f-abb7-b7c3cf3a8338}</UniqueIdentifier>
    </Filter>
    <Filter Include="头文件\Profile">
      <UniqueIdentifier>{393f2275-c531-4ec8-97d0-58d5bc7edce0}</UniqueIdentifier>
    </Filter>
    <Filter Include="头文件\Image">
      <UniqueIdentifier>{7e11ac9c-9f7e-4c5f-a47f-be3493e15dad}</UniqueIdentifier>
    </Filter>
    <Filter Include="源文件\Image">
      <UniqueIdentifier>{ca56b9eb-932e-415e-b702-abbdaecaaba4}</UniqueIdentifier>
    </Filter>
    <Filter Include="头文件\RenderDevice">
      <UniqueIdentifier>{bfdd9f18-7b9f-4e2e-9540-3babed514840}</UniqueIdentifier>
    </Filter>
    <Filter Include="源文件\RenderDevice">
      <UniqueIdentifier>{e1fa4c83-4943-4853-9b9d-8c044b77dc2f}</UniqueIdentifier>
    </Filter>
    <Filter Include="头文件\Font">
      <UniqueIdentifier>{fdc39414-8715-438d-bae5-042756647b9c}</UniqueIdentifier>
    </Filter>
    <Filter Include="源文件\Font">
      <UniqueIdentifier>{715b5e89-7860-416b-a3f8-d76f39808602}</UniqueIdentifier>
    </Filter>
    <Filter Include="头文件\Archiver\Win32ZipArchiverUnpacker">
      <UniqueIdentifier>{b1808803-9f43-46a6-b144-bd47edd2e3df}</UniqueIdentifier>
    </Filter>
    <Filter Include="源文件\Archiver\Win32ZipArchiverUnpacker">
      <UniqueIdentifier>{e223becb-87a2-4d6a-b573-faf193930f57}</UniqueIdentifier>
    </Filter>
    <Filter Include="头文件\Archiver\Win32ZipArchiverUnpacker\zip">
      <UniqueIdentifier>{e74aba5e-7053-4a49-b678-e67fa07012a4}</UniqueIdentifier>
    </Filter>
    <Filter Include="源文件\Archiver\Win32ZipArchiverUnpacker\zip">
      <UniqueIdentifier>{67ce3239-fe52-4b3d-bc12-03b5616d5394}</UniqueIdentifier>
    </Filter>
    <Filter Include="头文件\FilePath">
      <UniqueIdentifier>{266465d2-dc00-47b7-86dc-e08b2d9087cb}</UniqueIdentifier>
    </Filter>
    <Filter Include="源文件\FilePath">
      <UniqueIdentifier>{1248ce8a-b59b-4b39-8748-a2c83eead3a1}</UniqueIdentifier>
    </Filter>
  </ItemGroup>
  <ItemGroup>
    <ClInclude Include="NieRLib.h">
      <Filter>头文件</Filter>
    </ClInclude>
    <ClInclude Include="NieRLibConfig.h">
      <Filter>头文件</Filter>
    </ClInclude>
    <ClInclude Include="Archiver\Win32ZipArchiverUnpacker\zip\unzip.h">
      <Filter>头文件\Archiver\Win32ZipArchiverUnpacker\zip</Filter>
    </ClInclude>
    <ClInclude Include="Archiver\Win32ZipArchiverUnpacker\zip\zip.h">
      <Filter>头文件\Archiver\Win32ZipArchiverUnpacker\zip</Filter>
    </ClInclude>
    <ClInclude Include="Process\NR_IProcess.h">
      <Filter>头文件\Process</Filter>
    </ClInclude>
    <ClInclude Include="Base\NR_IRefCount.h">
      <Filter>头文件\Base</Filter>
    </ClInclude>
    <ClInclude Include="Base\NR_IIDObject.h">
      <Filter>头文件\Base</Filter>
    </ClInclude>
    <ClInclude Include="Base\NR_INameObject.h">
      <Filter>头文件\Base</Filter>
    </ClInclude>
    <ClInclude Include="Base\NR_ITask.h">
      <Filter>头文件\Base</Filter>
    </ClInclude>
    <ClInclude Include="Archiver\NR_IArchiver.h">
      <Filter>头文件\Archiver</Filter>
    </ClInclude>
    <ClInclude Include="Archiver\NR_IArchiverItemEnumerator.h">
      <Filter>头文件\Archiver</Filter>
    </ClInclude>
    <ClInclude Include="Archiver\NR_IArchiverItem.h">
      <Filter>头文件\Archiver</Filter>
    </ClInclude>
    <ClInclude Include="Archiver\NR_IArchiverUnpacker.h">
      <Filter>头文件\Archiver</Filter>
    </ClInclude>
    <ClInclude Include="Base\NR_IWorkProgress.h">
      <Filter>头文件\Workflow</Filter>
    </ClInclude>
    <ClInclude Include="FileEnumerator\NR_IFileEnumResult.h">
      <Filter>头文件\FileEnumerator</Filter>
    </ClInclude>
    <ClInclude Include="FileEnumerator\NR_IFileEnumerator.h">
      <Filter>头文件\FileEnumerator</Filter>
    </ClInclude>
    <ClInclude Include="Workflow\NR_IWorkflow.h">
      <Filter>头文件\Workflow</Filter>
    </ClInclude>
    <ClInclude Include="Workflow\NR_IWorkflowDesigner.h">
      <Filter>头文件\Workflow</Filter>
    </ClInclude>
    <ClInclude Include="Thread\NR_IThread.h">
      <Filter>头文件\Thread</Filter>
    </ClInclude>
    <ClInclude Include="Thread\NR_IThreadManager.h">
      <Filter>头文件\Thread</Filter>
    </ClInclude>
    <ClInclude Include="FilePath\NR_IFilePath.h">
      <Filter>头文件\FilePath</Filter>
    </ClInclude>
    <ClInclude Include="FileSystem\NR_IFile.h">
      <Filter>头文件\FileSystem</Filter>
    </ClInclude>
    <ClInclude Include="FileSystem\NR_IFileSystem.h">
      <Filter>头文件\FileSystem</Filter>
    </ClInclude>
    <ClInclude Include="Image\NR_IMultiFrameImage2D.h">
      <Filter>头文件\Image</Filter>
    </ClInclude>
    <ClInclude Include="Library\NR_ILibrary.h">
      <Filter>头文件\Library</Filter>
    </ClInclude>
    <ClInclude Include="Library\NR_ILibraryManager.h">
      <Filter>头文件\Library</Filter>
    </ClInclude>
    <ClInclude Include="Lock\NR_ILock.h">
      <Filter>头文件\Lock</Filter>
    </ClInclude>
    <ClInclude Include="Log\NR_ILog.h">
      <Filter>头文件\Log</Filter>
    </ClInclude>
    <ClInclude Include="MemoryAllocator\NR_IMemoryAllocator.h">
      <Filter>头文件\MemoryAllocator</Filter>
    </ClInclude>
    <ClInclude Include="MemoryAllocator\NR_CDefaultMemoryAllocator.h">
      <Filter>头文件\MemoryAllocator</Filter>
    </ClInclude>
    <ClInclude Include="MemoryAllocator\NR_MemoryAllocatorFactory.h">
      <Filter>头文件\MemoryAllocator</Filter>
    </ClInclude>
    <ClInclude Include="NetAdapter\NR_INetAdapter.h">
      <Filter>头文件\NetAdapter</Filter>
    </ClInclude>
    <ClInclude Include="NetAdapter\NR_INetAdapterManager.h">
      <Filter>头文件\NetAdapter</Filter>
    </ClInclude>
    <ClInclude Include="NetAdapter\NR_CWin32NetAdapter.h">
      <Filter>头文件\NetAdapter</Filter>
    </ClInclude>
    <ClInclude Include="NetAdapter\NR_CWin32NetAapterManager.h">
      <Filter>头文件\NetAdapter</Filter>
    </ClInclude>
    <ClInclude Include="Process\NR_IProcessManager.h">
      <Filter>头文件\Process</Filter>
    </ClInclude>
    <ClInclude Include="Process\NR_CWin32ProcessManager.h">
      <Filter>头文件\Process</Filter>
    </ClInclude>
    <ClInclude Include="Process\NR_CWin32Process.h">
      <Filter>头文件\Process</Filter>
    </ClInclude>
    <ClInclude Include="Profile\NR_Profile.h">
      <Filter>头文件\Profile</Filter>
    </ClInclude>
    <ClInclude Include="RenderDevice\NR_ARGB.h">
      <Filter>头文件\RenderDevice</Filter>
    </ClInclude>
    <ClInclude Include="RenderDevice\NR_CGDIPRenderDevice.h">
      <Filter>头文件\RenderDevice</Filter>
    </ClInclude>
    <ClInclude Include="RenderDevice\NR_CGDIRenderDevice.h">
      <Filter>头文件\RenderDevice</Filter>
    </ClInclude>
    <ClInclude Include="RenderDevice\NR_IMultiFrameImageRenderDevice.h">
      <Filter>头文件\RenderDevice</Filter>
    </ClInclude>
    <ClInclude Include="RenderDevice\NR_IRenderDevice.h">
      <Filter>头文件\RenderDevice</Filter>
    </ClInclude>
    <ClInclude Include="RenderDevice\NR_RenderDeviceFactory.h">
      <Filter>头文件\RenderDevice</Filter>
    </ClInclude>
    <ClInclude Include="Shortcut\NR_CWin32Shortcut.h">
      <Filter>头文件\Shortcut</Filter>
    </ClInclude>
    <ClInclude Include="Shortcut\NR_CWin32ShortcutManager.h">
      <Filter>头文件\Shortcut</Filter>
    </ClInclude>
    <ClInclude Include="Shortcut\NR_IShortcut.h">
      <Filter>头文件\Shortcut</Filter>
    </ClInclude>
    <ClInclude Include="Shortcut\NR_IShortcutManager.h">
      <Filter>头文件\Shortcut</Filter>
    </ClInclude>
    <ClInclude Include="Shortcut\NR_ShortcutTool.h">
      <Filter>头文件\Shortcut</Filter>
    </ClInclude>
    <ClInclude Include="Shortcut\NR_ShortcutManagerFactory.h">
      <Filter>头文件\Shortcut</Filter>
    </ClInclude>
    <ClInclude Include="StringConverter\NR_IStringConverter.h">
      <Filter>头文件\StringConverter</Filter>
    </ClInclude>
    <ClInclude Include="StringConverter\NR_CWin32StringConverter.h">
      <Filter>头文件\StringConverter</Filter>
    </ClInclude>
    <ClInclude Include="StringConverter\NR_StringConverterTool.h">
      <Filter>头文件\StringConverter</Filter>
    </ClInclude>
    <ClInclude Include="StringConverter\NR_StringConverterFactory.h">
      <Filter>头文件\StringConverter</Filter>
    </ClInclude>
    <ClInclude Include="Thread\NR_ThreadManagerFactory.h">
      <Filter>头文件\Thread</Filter>
    </ClInclude>
    <ClInclude Include="Thread\NR_ThreadTool.h">
      <Filter>头文件\Thread</Filter>
    </ClInclude>
    <ClInclude Include="Thread\NR_CWin32ThreadManager.h">
      <Filter>头文件\Thread</Filter>
    </ClInclude>
    <ClInclude Include="Thread\NR_CWin32Thread.h">
      <Filter>头文件\Thread</Filter>
    </ClInclude>
    <ClInclude Include="Thread\NR_CThread.h">
      <Filter>头文件\Thread</Filter>
    </ClInclude>
    <ClInclude Include="FileEnumerator\NR_CWin32FileEnumerator.h">
      <Filter>头文件\FileEnumerator</Filter>
    </ClInclude>
    <ClInclude Include="FileEnumerator\NR_CWin32FileEnumResult.h">
      <Filter>头文件\FileEnumerator</Filter>
    </ClInclude>
    <ClInclude Include="FileEnumerator\NR_FileEnumeratorFactory.h">
      <Filter>头文件\FileEnumerator</Filter>
    </ClInclude>
    <ClInclude Include="FileEnumerator\NR_FileEnumTool.h">
      <Filter>头文件\FileEnumerator</Filter>
    </ClInclude>
    <ClInclude Include="FilePath\NR_FilePathTool.h">
      <Filter>头文件\FilePath</Filter>
    </ClInclude>
    <ClInclude Include="FilePath\NR_FilePathFactory.h">
      <Filter>头文件\FilePath</Filter>
    </ClInclude>
    <ClInclude Include="FilePath\NR_CWin32FilePath.h">
      <Filter>头文件\FilePath</Filter>
    </ClInclude>
    <ClInclude Include="FileSystem\NR_FileSystemTool.h">
      <Filter>头文件\FileSystem</Filter>
    </ClInclude>
    <ClInclude Include="FileSystem\NR_FileSystemFactory.h">
      <Filter>头文件\FileSystem</Filter>
    </ClInclude>
    <ClInclude Include="FileSystem\NR_CWin32FileSystem.h">
      <Filter>头文件\FileSystem</Filter>
    </ClInclude>
    <ClInclude Include="FileSystem\NR_CWin32File.h">
      <Filter>头文件\FileSystem</Filter>
    </ClInclude>
    <ClInclude Include="Image\NR_GDIPImageTool.h">
      <Filter>头文件\Image</Filter>
    </ClInclude>
    <ClInclude Include="Image\NR_CGDIPMultiFrameImage2D.h">
      <Filter>头文件\Image</Filter>
    </ClInclude>
    <ClInclude Include="Library\NR_CWin32LibraryManager.h">
      <Filter>头文件\Library</Filter>
    </ClInclude>
    <ClInclude Include="Library\NR_CWin32Library.h">
      <Filter>头文件\Library</Filter>
    </ClInclude>
    <ClInclude Include="Library\NR_LibraryTool.h">
      <Filter>头文件\Library</Filter>
    </ClInclude>
    <ClInclude Include="Library\NR_LibraryManagerFactory.h">
      <Filter>头文件\Library</Filter>
    </ClInclude>
    <ClInclude Include="Lock\NR_CSimpleWin32Lock.h">
      <Filter>头文件\Lock</Filter>
    </ClInclude>
    <ClInclude Include="Lock\NR_LockFactory.h">
      <Filter>头文件\Lock</Filter>
    </ClInclude>
    <ClInclude Include="Log\NR_CFileLog.h">
      <Filter>头文件\Log</Filter>
    </ClInclude>
    <ClInclude Include="Log\NR_LogFactory.h">
      <Filter>头文件\Log</Filter>
    </ClInclude>
    <ClInclude Include="NetAdapter\NR_NetAdapterManagerFactory.h">
      <Filter>头文件\NetAdapter</Filter>
    </ClInclude>
    <ClInclude Include="NetAdapter\NR_NetAdapterTool.h">
      <Filter>头文件\NetAdapter</Filter>
    </ClInclude>
    <ClInclude Include="Process\NR_ProcessManagerFactory.h">
      <Filter>头文件\Process</Filter>
    </ClInclude>
    <ClInclude Include="Process\NR_ProcessTool.h">
      <Filter>头文件\Process</Filter>
    </ClInclude>
    <ClInclude Include="Archiver\NR_ArchiverTool.h">
      <Filter>头文件\Archiver</Filter>
    </ClInclude>
    <ClInclude Include="Archiver\NR_ArchiverFactory.h">
      <Filter>头文件\Archiver</Filter>
    </ClInclude>
    <ClInclude Include="Archiver\Win32ZipArchiverUnpacker\NR_CZipArchiverUnpacker.h">
      <Filter>头文件\Archiver\Win32ZipArchiverUnpacker</Filter>
    </ClInclude>
    <ClInclude Include="Archiver\Win32ZipArchiverUnpacker\NR_CZipArchiverItem.h">
      <Filter>头文件\Archiver\Win32ZipArchiverUnpacker</Filter>
    </ClInclude>
    <ClInclude Include="Archiver\Win32ZipArchiverUnpacker\NR_CZipArchiverItemEnumerator.h">
      <Filter>头文件\Archiver\Win32ZipArchiverUnpacker</Filter>
    </ClInclude>
    <ClInclude Include="Base\NR_COMTool.h">
      <Filter>头文件\Base</Filter>
    </ClInclude>
    <ClInclude Include="Image\NR_IImage.h">
      <Filter>头文件\Image</Filter>
    </ClInclude>
    <ClInclude Include="Image\NR_CGDIPImage.h">
      <Filter>头文件\Image</Filter>
    </ClInclude>
    <ClInclude Include="Image\NR_CGDIImage.h">
      <Filter>头文件\Image</Filter>
    </ClInclude>
    <ClInclude Include="Font\NR_IFont.h">
      <Filter>头文件\Font</Filter>
    </ClInclude>
    <ClInclude Include="Font\NR_CGDIPFont.h">
      <Filter>头文件\Font</Filter>
    </ClInclude>
    <ClInclude Include="Font\NR_CGDIFont.h">
      <Filter>头文件\Font</Filter>
    </ClInclude>
  </ItemGroup>
  <ItemGroup>
    <ClCompile Include="Archiver\Win32ZipArchiverUnpacker\zip\zip.cpp">
      <Filter>源文件\Archiver\Win32ZipArchiverUnpacker\zip</Filter>
    </ClCompile>
    <ClCompile Include="Archiver\Win32ZipArchiverUnpacker\zip\unzip.cpp">
      <Filter>源文件\Archiver\Win32ZipArchiverUnpacker\zip</Filter>
    </ClCompile>
    <ClCompile Include="MemoryAllocator\NR_CDefaultMemoryAllocator.cpp">
      <Filter>源文件\MemoryAllocator</Filter>
    </ClCompile>
    <ClCompile Include="MemoryAllocator\NR_MemoryAllocatorFactory.cpp">
      <Filter>源文件\MemoryAllocator</Filter>
    </ClCompile>
    <ClCompile Include="NetAdapter\NR_CWin32NetAdapter.cpp">
      <Filter>源文件\NetAdapter</Filter>
    </ClCompile>
    <ClCompile Include="NetAdapter\NR_CWin32NetAapterManager.cpp">
      <Filter>源文件\NetAdapter</Filter>
    </ClCompile>
    <ClCompile Include="Process\NR_CWin32ProcessManager.cpp">
      <Filter>源文件\Process</Filter>
    </ClCompile>
    <ClCompile Include="Process\NR_CWin32Process.cpp">
      <Filter>源文件\Process</Filter>
    </ClCompile>
    <ClCompile Include="RenderDevice\NR_CGDIPRenderDevice.cpp">
      <Filter>源文件\RenderDevice</Filter>
    </ClCompile>
    <ClCompile Include="RenderDevice\NR_CGDIRenderDevice.cpp">
      <Filter>源文件\RenderDevice</Filter>
    </ClCompile>
    <ClCompile Include="RenderDevice\NR_RenderDeviceFactory.cpp">
      <Filter>源文件\RenderDevice</Filter>
    </ClCompile>
    <ClCompile Include="Shortcut\NR_CWin32Shortcut.cpp">
      <Filter>源文件\Shortcut</Filter>
    </ClCompile>
    <ClCompile Include="Shortcut\NR_CWin32ShortcutManager.cpp">
      <Filter>源文件\Shortcut</Filter>
    </ClCompile>
    <ClCompile Include="Shortcut\NR_ShortcutTool.cpp">
      <Filter>源文件\Shortcut</Filter>
    </ClCompile>
    <ClCompile Include="Shortcut\NR_ShortcutManagerFactory.cpp">
      <Filter>源文件\Shortcut</Filter>
    </ClCompile>
    <ClCompile Include="StringConverter\NR_CWin32StringConverter.cpp">
      <Filter>源文件\StringConverter</Filter>
    </ClCompile>
    <ClCompile Include="StringConverter\NR_StringConverterFactory.cpp">
      <Filter>源文件\StringConverter</Filter>
    </ClCompile>
    <ClCompile Include="StringConverter\NR_StringConverterTool.cpp">
      <Filter>源文件\StringConverter</Filter>
    </ClCompile>
    <ClCompile Include="Thread\NR_CWin32ThreadManager.cpp">
      <Filter>源文件\Thread</Filter>
    </ClCompile>
    <ClCompile Include="Thread\NR_CWin32Thread.cpp">
      <Filter>源文件\Thread</Filter>
    </ClCompile>
    <ClCompile Include="Thread\NR_ThreadManagerFactory.cpp">
      <Filter>源文件\Thread</Filter>
    </ClCompile>
    <ClCompile Include="Thread\NR_ThreadTool.cpp">
      <Filter>源文件\Thread</Filter>
    </ClCompile>
    <ClCompile Include="Thread\NR_CThread_Win32.cpp">
      <Filter>源文件\Thread</Filter>
    </ClCompile>
    <ClCompile Include="Thread\NR_CThread_Linux.cpp">
      <Filter>源文件\Thread</Filter>
    </ClCompile>
    <ClCompile Include="FileEnumerator\NR_CWin32FileEnumerator.cpp">
      <Filter>源文件\FileEnumerator</Filter>
    </ClCompile>
    <ClCompile Include="FileEnumerator\NR_CWin32FileEnumResult.cpp">
      <Filter>源文件\FileEnumerator</Filter>
    </ClCompile>
    <ClCompile Include="FileEnumerator\NR_FileEnumeratorFactory.cpp">
      <Filter>源文件\FileEnumerator</Filter>
    </ClCompile>
    <ClCompile Include="FileEnumerator\NR_FileEnumTool.cpp">
      <Filter>源文件\FileEnumerator</Filter>
    </ClCompile>
    <ClCompile Include="FilePath\NR_CWin32FilePath.cpp">
      <Filter>源文件\FilePath</Filter>
    </ClCompile>
    <ClCompile Include="FilePath\NR_FilePathTool.cpp">
      <Filter>源文件\FilePath</Filter>
    </ClCompile>
    <ClCompile Include="FilePath\NR_FilePathFactory.cpp">
      <Filter>源文件\FilePath</Filter>
    </ClCompile>
    <ClCompile Include="FileSystem\NR_CWin32FileSystem.cpp">
      <Filter>源文件\FileSystem</Filter>
    </ClCompile>
    <ClCompile Include="FileSystem\NR_CWin32File.cpp">
      <Filter>源文件\FileSystem</Filter>
    </ClCompile>
    <ClCompile Include="FileSystem\NR_FileSystemTool.cpp">
      <Filter>源文件\FileSystem</Filter>
    </ClCompile>
    <ClCompile Include="FileSystem\NR_FileSystemFactory.cpp">
      <Filter>源文件\FileSystem</Filter>
    </ClCompile>
    <ClCompile Include="Image\NR_CGDIPMultiFrameImage2D.cpp">
      <Filter>源文件\Image</Filter>
    </ClCompile>
    <ClCompile Include="Image\NR_GDIPImageTool.cpp">
      <Filter>源文件\Image</Filter>
    </ClCompile>
    <ClCompile Include="Library\NR_CWin32LibraryManager.cpp">
      <Filter>源文件\Library</Filter>
    </ClCompile>
    <ClCompile Include="Library\NR_CWin32Library.cpp">
      <Filter>源文件\Library</Filter>
    </ClCompile>
    <ClCompile Include="Library\NR_LibraryManagerFactory.cpp">
      <Filter>源文件\Library</Filter>
    </ClCompile>
    <ClCompile Include="Library\NR_LibraryTool.cpp">
      <Filter>源文件\Library</Filter>
    </ClCompile>
    <ClCompile Include="Lock\NR_CSimpleWin32Lock.cpp">
      <Filter>源文件\Lock</Filter>
    </ClCompile>
    <ClCompile Include="Lock\NR_LockFactory.cpp">
      <Filter>源文件\Lock</Filter>
    </ClCompile>
    <ClCompile Include="Log\NR_CFileLog.cpp">
      <Filter>源文件\Log</Filter>
    </ClCompile>
    <ClCompile Include="Log\NR_LogFactory.cpp">
      <Filter>源文件\Log</Filter>
    </ClCompile>
    <ClCompile Include="Process\NR_ProcessManagerFactory.cpp">
      <Filter>源文件\Process</Filter>
    </ClCompile>
    <ClCompile Include="Process\NR_ProcessTool.cpp">
      <Filter>源文件\Process</Filter>
    </ClCompile>
    <ClCompile Include="NetAdapter\NR_NetAdapterTool.cpp">
      <Filter>源文件\NetAdapter</Filter>
    </ClCompile>
    <ClCompile Include="NetAdapter\NR_NetAdapterManagerFactory.cpp">
      <Filter>源文件\NetAdapter</Filter>
    </ClCompile>
    <ClCompile Include="Archiver\NR_ArchiverFactory.cpp">
      <Filter>源文件\Archiver</Filter>
    </ClCompile>
    <ClCompile Include="Archiver\NR_ArchiverTool.cpp">
      <Filter>源文件\Archiver</Filter>
    </ClCompile>
    <ClCompile Include="Archiver\Win32ZipArchiverUnpacker\NR_CZipArchiverUnpacker.cpp">
      <Filter>源文件\Archiver\Win32ZipArchiverUnpacker</Filter>
    </ClCompile>
    <ClCompile Include="Archiver\Win32ZipArchiverUnpacker\NR_CZipArchiverItem.cpp">
      <Filter>源文件\Archiver\Win32ZipArchiverUnpacker</Filter>
    </ClCompile>
    <ClCompile Include="Archiver\Win32ZipArchiverUnpacker\NR_CZipArchiverItemEnumerator.cpp">
      <Filter>源文件\Archiver\Win32ZipArchiverUnpacker</Filter>
    </ClCompile>
    <ClCompile Include="Base\NR_COMTool.cpp">
      <Filter>源文件\Base</Filter>
    </ClCompile>
    <ClCompile Include="Image\NR_CGDIPImage.cpp">
      <Filter>源文件\Image</Filter>
    </ClCompile>
    <ClCompile Include="Image\NR_CGDIImage.cpp">
      <Filter>源文件\Image</Filter>
    </ClCompile>
    <ClCompile Include="Font\NR_CGDIPFont.cpp">
      <Filter>源文件\Font</Filter>
    </ClCompile>
    <ClCompile Include="Font\NR_CGDIFont.cpp">
      <Filter>源文件\Font</Filter>
    </ClCompile>
  </ItemGroup>
</Project>