<?xml version="1.0" encoding="utf-8"?>
<Project ToolsVersion="4.0" xmlns="http://schemas.microsoft.com/developer/msbuild/2003">
  <ItemGroup>
    <Filter Include="头文件">
      <UniqueIdentifier>{93995380-89BD-4b04-88EB-625FBE52EBFB}</UniqueIdentifier>
      <Extensions>h;hh;hpp;hxx;hm;inl;inc;xsd</Extensions>
    </Filter>
    <Filter Include="资源文件">
      <UniqueIdentifier>{67DA6AB6-F800-4c08-8B7A-83BB121AAD01}</UniqueIdentifier>
      <Extensions>rc;ico;cur;bmp;dlg;rc2;rct;bin;rgs;gif;jpg;jpeg;jpe;resx;tiff;tif;png;wav;mfcribbon-ms</Extensions>
    </Filter>
    <Filter Include="头文件\FileEnumerator">
      <UniqueIdentifier>{6f4cf5c6-e391-4ddf-98c3-5b2607bd0772}</UniqueIdentifier>
    </Filter>
    <Filter Include="头文件\MemoryAllocator">
      <UniqueIdentifier>{8531d39a-61ae-4835-85f4-93e8daacfdac}</UniqueIdentifier>
    </Filter>
    <Filter Include="头文件\Process">
      <UniqueIdentifier>{ebc9de61-faff-4f4a-bb8a-a610ef5b27d7}</UniqueIdentifier>
    </Filter>
    <Filter Include="头文件\Shortcut">
      <UniqueIdentifier>{751d3a1a-c433-4e9a-9c75-99fe2b25fdd9}</UniqueIdentifier>
    </Filter>
    <Filter Include="头文件\StringConverter">
      <UniqueIdentifier>{00a38579-8446-418d-984a-e7274844fb0e}</UniqueIdentifier>
    </Filter>
    <Filter Include="头文件\Base">
      <UniqueIdentifier>{b0750c6e-1d15-4e95-a0a3-3493ca0ea351}</UniqueIdentifier>
    </Filter>
    <Filter Include="源文件">
      <UniqueIdentifier>{4FC737F1-C7A5-4376-A066-2A32D752A2FF}</UniqueIdentifier>
      <Extensions>cpp;c;cc;cxx;def;odl;idl;hpj;bat;asm;asmx</Extensions>
    </Filter>
    <Filter Include="源文件\FileEnumerator">
      <UniqueIdentifier>{e3912eb7-2c3c-46be-8d8a-0e055bb2e391}</UniqueIdentifier>
    </Filter>
    <Filter Include="源文件\MemoryAllocator">
      <UniqueIdentifier>{4e8d70aa-14db-4da7-8885-756786129819}</UniqueIdentifier>
    </Filter>
    <Filter Include="源文件\Process">
      <UniqueIdentifier>{9fa75aa7-925f-4ad5-95f1-7aae0907b229}</UniqueIdentifier>
    </Filter>
    <Filter Include="源文件\Shortcut">
      <UniqueIdentifier>{17dcb7f4-0cde-4df2-9e22-0fc5b0909d8b}</UniqueIdentifier>
    </Filter>
    <Filter Include="源文件\StringConverter">
      <UniqueIdentifier>{5b2a6a9b-7723-47ef-af87-45fdca96abe9}</UniqueIdentifier>
    </Filter>
    <Filter Include="头文件\Thread">
      <UniqueIdentifier>{531498ed-8240-44eb-bf2b-28496efc9c48}</UniqueIdentifier>
    </Filter>
    <Filter Include="源文件\Thread">
      <UniqueIdentifier>{2dedf335-9fc4-4324-9044-b424684c01fb}</UniqueIdentifier>
    </Filter>
    <Filter Include="头文件\Lock">
      <UniqueIdentifier>{edb45019-2382-4ad4-8948-4accd29f3768}</UniqueIdentifier>
    </Filter>
    <Filter Include="源文件\Lock">
      <UniqueIdentifier>{ae07d13a-4230-4d2f-ba9b-00acd5d5b5de}</UniqueIdentifier>
    </Filter>
    <Filter Include="头文件\Workflow">
      <UniqueIdentifier>{544480a6-a6d7-4017-99a2-51e1832a29f1}</UniqueIdentifier>
    </Filter>
    <Filter Include="头文件\Archiver">
      <UniqueIdentifier>{eff34ae3-108d-4928-9c35-83c1f6df289e}</UniqueIdentifier>
    </Filter>
    <Filter Include="源文件\Archiver">
      <UniqueIdentifier>{5b170fe2-d57d-4887-9bfc-b40c602d0545}</UniqueIdentifier>
    </Filter>
    <Filter Include="头文件\NetAdapter">
      <UniqueIdentifier>{7b14140d-3c52-4916-908c-d0e7322bb7f8}</UniqueIdentifier>
    </Filter>
    <Filter Include="源文件\NetAdapter">
      <UniqueIdentifier>{536618ac-ef90-4963-8a71-e6bd8f8eef0d}</UniqueIdentifier>
    </Filter>
    <Filter Include="源文件\Base">
      <UniqueIdentifier>{e72acae5-83a3-4325-a0f9-aee13e6a74fe}</UniqueIdentifier>
    </Filter>
    <Filter Include="头文件\FileSystem">
      <UniqueIdentifier>{ef19201b-f990-46c2-8729-30f7ccbe012c}</UniqueIdentifier>
    </Filter>
    <Filter Include="源文件\FileSystem">
      <UniqueIdentifier>{4e3e8b51-571a-4c24-bf76-6adeb658c342}</UniqueIdentifier>
    </Filter>
    <Filter Include="头文件\Library">
      <UniqueIdentifier>{6735cf74-e9cd-42c3-9152-9c7c4d219b4c}</UniqueIdentifier>
    </Filter>
    <Filter Include="源文件\Library">
      <UniqueIdentifier>{d2c2ddae-b009-41de-86fa-9a7532dbbabc}</UniqueIdentifier>
    </Filter>
    <Filter Include="头文件\Log">
      <UniqueIdentifier>{3b16bd26-54a3-492a-ac44-ebf758cafda8}</UniqueIdentifier>
    </Filter>
    <Filter Include="源文件\Log">
      <UniqueIdentifier>{439b5d47-4810-494f-abb7-b7c3cf3a8338}</UniqueIdentifier>
    </Filter>
    <Filter Include="头文件\Profile">
      <UniqueIdentifier>{393f2275-c531-4ec8-97d0-58d5bc7edce0}</UniqueIdentifier>
    </Filter>
    <Filter Include="头文件\Image">
      <UniqueIdentifier>{7e11ac9c-9f7e-4c5f-a47f-be3493e15dad}</UniqueIdentifier>
    </Filter>
    <Filter Include="源文件\Image">
      <UniqueIdentifier>{ca56b9eb-932e-415e-b702-abbdaecaaba4}</UniqueIdentifier>
    </Filter>
    <Filter Include="头文件\RenderDevice">
      <UniqueIdentifier>{bfdd9f18-7b9f-4e2e-9540-3babed514840}</UniqueIdentifier>
    </Filter>
    <Filter Include="源文件\RenderDevice">
      <UniqueIdentifier>{e1fa4c83-4943-4853-9b9d-8c044b77dc2f}</UniqueIdentifier>
    </Filter>
    <Filter Include="头文件\Font">
      <UniqueIdentifier>{fdc39414-8715-438d-bae5-042756647b9c}</UniqueIdentifier>
    </Filter>
    <Filter Include="源文件\Font">
      <UniqueIdentifier>{715b5e89-7860-416b-a3f8-d76f39808602}</UniqueIdentifier>
    </Filter>
    <Filter Include="头文件\Archiver\Win32ZipArchiverUnpacker">
      <UniqueIdentifier>{b1808803-9f43-46a6-b144-bd47edd2e3df}</UniqueIdentifier>
    </Filter>
    <Filter Include="源文件\Archiver\Win32ZipArchiverUnpacker">
      <UniqueIdentifier>{e223becb-87a2-4d6a-b573-faf193930f57}</UniqueIdentifier>
    </Filter>
    <Filter Include="头文件\Archiver\Win32ZipArchiverUnpacker\zip">
      <UniqueIdentifier>{e74aba5e-7053-4a49-b678-e67fa07012a4}</UniqueIdentifier>
    </Filter>
    <Filter Include="源文件\Archiver\Win32ZipArchiverUnpacker\zip">
      <UniqueIdentifier>{67ce3239-fe52-4b3d-bc12-03b5616d5394}</UniqueIdentifier>
    </Filter>
  </ItemGroup>
  <ItemGroup>
    <ClInclude Include="FileEnumerator\CWin32FileEnumerator.h">
      <Filter>头文件\FileEnumerator</Filter>
    </ClInclude>
    <ClInclude Include="FileEnumerator\CWin32FileEnumResult.h">
      <Filter>头文件\FileEnumerator</Filter>
    </ClInclude>
    <ClInclude Include="FileEnumerator\FileEnumeratorFactory.h">
      <Filter>头文件\FileEnumerator</Filter>
    </ClInclude>
    <ClInclude Include="FileEnumerator\FileEnumTool.h">
      <Filter>头文件\FileEnumerator</Filter>
    </ClInclude>
    <ClInclude Include="FileEnumerator\IFileEnumerator.h">
      <Filter>头文件\FileEnumerator</Filter>
    </ClInclude>
    <ClInclude Include="FileEnumerator\IFileEnumResult.h">
      <Filter>头文件\FileEnumerator</Filter>
    </ClInclude>
    <ClInclude Include="MemoryAllocator\CDefaultMemoryAllocator.h">
      <Filter>头文件\MemoryAllocator</Filter>
    </ClInclude>
    <ClInclude Include="MemoryAllocator\IMemoryAllocator.h">
      <Filter>头文件\MemoryAllocator</Filter>
    </ClInclude>
    <ClInclude Include="MemoryAllocator\MemoryAllocatorFactory.h">
      <Filter>头文件\MemoryAllocator</Filter>
    </ClInclude>
    <ClInclude Include="Process\CWin32Process.h">
      <Filter>头文件\Process</Filter>
    </ClInclude>
    <ClInclude Include="Process\CWin32ProcessManager.h">
      <Filter>头文件\Process</Filter>
    </ClInclude>
    <ClInclude Include="Process\IProcess.h">
      <Filter>头文件\Process</Filter>
    </ClInclude>
    <ClInclude Include="Process\IProcessManager.h">
      <Filter>头文件\Process</Filter>
    </ClInclude>
    <ClInclude Include="Process\ProcessManagerFactory.h">
      <Filter>头文件\Process</Filter>
    </ClInclude>
    <ClInclude Include="Process\ProcessTool.h">
      <Filter>头文件\Process</Filter>
    </ClInclude>
    <ClInclude Include="Shortcut\CWin32Shortcut.h">
      <Filter>头文件\Shortcut</Filter>
    </ClInclude>
    <ClInclude Include="Shortcut\CWin32ShortcutManager.h">
      <Filter>头文件\Shortcut</Filter>
    </ClInclude>
    <ClInclude Include="Shortcut\IShortcut.h">
      <Filter>头文件\Shortcut</Filter>
    </ClInclude>
    <ClInclude Include="Shortcut\IShortcutManager.h">
      <Filter>头文件\Shortcut</Filter>
    </ClInclude>
    <ClInclude Include="Shortcut\ShortcutManagerFactory.h">
      <Filter>头文件\Shortcut</Filter>
    </ClInclude>
    <ClInclude Include="Shortcut\ShortcutTool.h">
      <Filter>头文件\Shortcut</Filter>
    </ClInclude>
    <ClInclude Include="StringConverter\CWin32StringConverter.h">
      <Filter>头文件\StringConverter</Filter>
    </ClInclude>
    <ClInclude Include="StringConverter\IStringConverter.h">
      <Filter>头文件\StringConverter</Filter>
    </ClInclude>
    <ClInclude Include="StringConverter\StringConverterFactory.h">
      <Filter>头文件\StringConverter</Filter>
    </ClInclude>
    <ClInclude Include="StringConverter\StringConverterTool.h">
      <Filter>头文件\StringConverter</Filter>
    </ClInclude>
    <ClInclude Include="NieRLib.h">
      <Filter>头文件</Filter>
    </ClInclude>
    <ClInclude Include="NieRLibConfig.h">
      <Filter>头文件</Filter>
    </ClInclude>
    <ClInclude Include="Base\IRefCount.h">
      <Filter>头文件\Base</Filter>
    </ClInclude>
    <ClInclude Include="Thread\CThread.h">
      <Filter>头文件\Thread</Filter>
    </ClInclude>
    <ClInclude Include="Lock\CSimpleWin32Lock.h">
      <Filter>头文件\Lock</Filter>
    </ClInclude>
    <ClInclude Include="Lock\ILock.h">
      <Filter>头文件\Lock</Filter>
    </ClInclude>
    <ClInclude Include="Lock\LockFactory.h">
      <Filter>头文件\Lock</Filter>
    </ClInclude>
    <ClInclude Include="Workflow\IWorkflowDesigner.h">
      <Filter>头文件\Workflow</Filter>
    </ClInclude>
    <ClInclude Include="Workflow\IWorkflow.h">
      <Filter>头文件\Workflow</Filter>
    </ClInclude>
    <ClInclude Include="Archiver\IArchiver.h">
      <Filter>头文件\Archiver</Filter>
    </ClInclude>
    <ClInclude Include="Archiver\IArchiverUnpacker.h">
      <Filter>头文件\Archiver</Filter>
    </ClInclude>
    <ClInclude Include="Archiver\IArchiverItemEnumerator.h">
      <Filter>头文件\Archiver</Filter>
    </ClInclude>
    <ClInclude Include="Archiver\IArchiverItem.h">
      <Filter>头文件\Archiver</Filter>
    </ClInclude>
    <ClInclude Include="Base\COMTool.h">
      <Filter>头文件\Base</Filter>
    </ClInclude>
    <ClInclude Include="NetAdapter\NetAdapterTool.h">
      <Filter>头文件\NetAdapter</Filter>
    </ClInclude>
    <ClInclude Include="NetAdapter\CWin32NetAapterManager.h">
      <Filter>头文件\NetAdapter</Filter>
    </ClInclude>
    <ClInclude Include="NetAdapter\CWin32NetAdapter.h">
      <Filter>头文件\NetAdapter</Filter>
    </ClInclude>
    <ClInclude Include="NetAdapter\INetAdapter.h">
      <Filter>头文件\NetAdapter</Filter>
    </ClInclude>
    <ClInclude Include="NetAdapter\INetAdapterManager.h">
      <Filter>头文件\NetAdapter</Filter>
    </ClInclude>
    <ClInclude Include="NetAdapter\NetAdapterManagerFactory.h">
      <Filter>头文件\NetAdapter</Filter>
    </ClInclude>
    <ClInclude Include="FileSystem\FileSystemTool.h">
      <Filter>头文件\FileSystem</Filter>
    </ClInclude>
    <ClInclude Include="FileSystem\IFile.h">
      <Filter>头文件\FileSystem</Filter>
    </ClInclude>
    <ClInclude Include="FileSystem\IFileSystem.h">
      <Filter>头文件\FileSystem</Filter>
    </ClInclude>
    <ClInclude Include="FileSystem\FileSystemFactory.h">
      <Filter>头文件\FileSystem</Filter>
    </ClInclude>
    <ClInclude Include="FileSystem\CWin32FileSystem.h">
      <Filter>头文件\FileSystem</Filter>
    </ClInclude>
    <ClInclude Include="FileSystem\CWin32File.h">
      <Filter>头文件\FileSystem</Filter>
    </ClInclude>
    <ClInclude Include="Base\ITask.h">
      <Filter>头文件\Base</Filter>
    </ClInclude>
    <ClInclude Include="Base\IWorkProgress.h">
      <Filter>头文件\Workflow</Filter>
    </ClInclude>
    <ClInclude Include="Library\LibraryManagerFactory.h">
      <Filter>头文件\Library</Filter>
    </ClInclude>
    <ClInclude Include="Library\CWin32Library.h">
      <Filter>头文件\Library</Filter>
    </ClInclude>
    <ClInclude Include="Library\CWin32LibraryManager.h">
      <Filter>头文件\Library</Filter>
    </ClInclude>
    <ClInclude Include="Library\ILibrary.h">
      <Filter>头文件\Library</Filter>
    </ClInclude>
    <ClInclude Include="Library\ILibraryManager.h">
      <Filter>头文件\Library</Filter>
    </ClInclude>
    <ClInclude Include="Library\LibraryTool.h">
      <Filter>头文件\Library</Filter>
    </ClInclude>
    <ClInclude Include="Thread\ThreadTool.h">
      <Filter>头文件\Thread</Filter>
    </ClInclude>
    <ClInclude Include="Thread\IThread.h">
      <Filter>头文件\Thread</Filter>
    </ClInclude>
    <ClInclude Include="Thread\IThreadManager.h">
      <Filter>头文件\Thread</Filter>
    </ClInclude>
    <ClInclude Include="Thread\ThreadManagerFactory.h">
      <Filter>头文件\Thread</Filter>
    </ClInclude>
    <ClInclude Include="Thread\CWin32ThreadManager.h">
      <Filter>头文件\Thread</Filter>
    </ClInclude>
    <ClInclude Include="Thread\CWin32Thread.h">
      <Filter>头文件\Thread</Filter>
    </ClInclude>
    <ClInclude Include="Log\CFileLog.h">
      <Filter>头文件\Log</Filter>
    </ClInclude>
    <ClInclude Include="Log\ILog.h">
      <Filter>头文件\Log</Filter>
    </ClInclude>
    <ClInclude Include="Log\LogFactory.h">
      <Filter>头文件\Log</Filter>
    </ClInclude>
    <ClInclude Include="Profile\Profile.h">
      <Filter>头文件\Profile</Filter>
    </ClInclude>
    <ClInclude Include="Base\IIDObject.h">
      <Filter>头文件\Base</Filter>
    </ClInclude>
    <ClInclude Include="Base\INameObject.h">
      <Filter>头文件\Base</Filter>
    </ClInclude>
    <ClInclude Include="RenderDevice\IRenderDevice.h">
      <Filter>头文件\RenderDevice</Filter>
    </ClInclude>
    <ClInclude Include="RenderDevice\CGDIRenderDevice.h">
      <Filter>头文件\RenderDevice</Filter>
    </ClInclude>
    <ClInclude Include="RenderDevice\CGDIPRenderDevice.h">
      <Filter>头文件\RenderDevice</Filter>
    </ClInclude>
    <ClInclude Include="RenderDevice\RenderDeviceFactory.h">
      <Filter>头文件\RenderDevice</Filter>
    </ClInclude>
    <ClInclude Include="Font\IFont2D.h">
      <Filter>头文件\Font</Filter>
    </ClInclude>
    <ClInclude Include="Font\CGDIPFont2D.h">
      <Filter>头文件\Font</Filter>
    </ClInclude>
    <ClInclude Include="Font\CGDIFont2D.h">
      <Filter>头文件\Font</Filter>
    </ClInclude>
    <ClInclude Include="Image\IImage2D.h">
      <Filter>头文件\Image</Filter>
    </ClInclude>
    <ClInclude Include="Image\CGDIImage2D.h">
      <Filter>头文件\Image</Filter>
    </ClInclude>
    <ClInclude Include="Image\CGDIPImage2D.h">
      <Filter>头文件\Image</Filter>
    </ClInclude>
    <ClInclude Include="Image\IMultiFrameImage2D.h">
      <Filter>头文件\Image</Filter>
    </ClInclude>
    <ClInclude Include="Image\CGDIPMultiFrameImage2D.h">
      <Filter>头文件\Image</Filter>
    </ClInclude>
    <ClInclude Include="RenderDevice\ARGB.h">
      <Filter>头文件\RenderDevice</Filter>
    </ClInclude>
    <ClInclude Include="RenderDevice\IMultiFrameImageRenderDevice.h">
      <Filter>头文件\RenderDevice</Filter>
    </ClInclude>
    <ClInclude Include="Image\GDIPImageTool.h">
      <Filter>头文件\Image</Filter>
    </ClInclude>
    <ClInclude Include="Archiver\Win32ZipArchiverUnpacker\zip\unzip.h">
      <Filter>头文件\Archiver\Win32ZipArchiverUnpacker\zip</Filter>
    </ClInclude>
    <ClInclude Include="Archiver\Win32ZipArchiverUnpacker\zip\zip.h">
      <Filter>头文件\Archiver\Win32ZipArchiverUnpacker\zip</Filter>
    </ClInclude>
    <ClInclude Include="Archiver\Win32ZipArchiverUnpacker\CZipArchiverItem.h">
      <Filter>头文件\Archiver\Win32ZipArchiverUnpacker</Filter>
    </ClInclude>
    <ClInclude Include="Archiver\Win32ZipArchiverUnpacker\CZipArchiverItemEnumerator.h">
      <Filter>头文件\Archiver\Win32ZipArchiverUnpacker</Filter>
    </ClInclude>
    <ClInclude Include="Archiver\Win32ZipArchiverUnpacker\CZipArchiverUnpacker.h">
      <Filter>头文件\Archiver\Win32ZipArchiverUnpacker</Filter>
    </ClInclude>
    <ClInclude Include="Archiver\ArchiverTool.h">
      <Filter>头文件\Archiver</Filter>
    </ClInclude>
    <ClInclude Include="Archiver\ArchiverFactory.h">
      <Filter>头文件\Archiver</Filter>
    </ClInclude>
  </ItemGroup>
  <ItemGroup>
    <ClCompile Include="FileEnumerator\CWin32FileEnumerator.cpp">
      <Filter>源文件\FileEnumerator</Filter>
    </ClCompile>
    <ClCompile Include="FileEnumerator\CWin32FileEnumResult.cpp">
      <Filter>源文件\FileEnumerator</Filter>
    </ClCompile>
    <ClCompile Include="FileEnumerator\FileEnumeratorFactory.cpp">
      <Filter>源文件\FileEnumerator</Filter>
    </ClCompile>
    <ClCompile Include="FileEnumerator\FileEnumTool.cpp">
      <Filter>源文件\FileEnumerator</Filter>
    </ClCompile>
    <ClCompile Include="MemoryAllocator\CDefaultMemoryAllocator.cpp">
      <Filter>源文件\MemoryAllocator</Filter>
    </ClCompile>
    <ClCompile Include="MemoryAllocator\MemoryAllocatorFactory.cpp">
      <Filter>源文件\MemoryAllocator</Filter>
    </ClCompile>
    <ClCompile Include="Process\CWin32Process.cpp">
      <Filter>源文件\Process</Filter>
    </ClCompile>
    <ClCompile Include="Process\CWin32ProcessManager.cpp">
      <Filter>源文件\Process</Filter>
    </ClCompile>
    <ClCompile Include="Process\ProcessManagerFactory.cpp">
      <Filter>源文件\Process</Filter>
    </ClCompile>
    <ClCompile Include="Process\ProcessTool.cpp">
      <Filter>源文件\Process</Filter>
    </ClCompile>
    <ClCompile Include="Shortcut\CWin32Shortcut.cpp">
      <Filter>源文件\Shortcut</Filter>
    </ClCompile>
    <ClCompile Include="Shortcut\CWin32ShortcutManager.cpp">
      <Filter>源文件\Shortcut</Filter>
    </ClCompile>
    <ClCompile Include="Shortcut\ShortcutManagerFactory.cpp">
      <Filter>源文件\Shortcut</Filter>
    </ClCompile>
    <ClCompile Include="Shortcut\ShortcutTool.cpp">
      <Filter>源文件\Shortcut</Filter>
    </ClCompile>
    <ClCompile Include="StringConverter\CWin32StringConverter.cpp">
      <Filter>源文件\StringConverter</Filter>
    </ClCompile>
    <ClCompile Include="StringConverter\StringConverterFactory.cpp">
      <Filter>源文件\StringConverter</Filter>
    </ClCompile>
    <ClCompile Include="StringConverter\StringConverterTool.cpp">
      <Filter>源文件\StringConverter</Filter>
    </ClCompile>
    <ClCompile Include="Thread\CThread_Linux.cpp">
      <Filter>源文件\Thread</Filter>
    </ClCompile>
    <ClCompile Include="Thread\CThread_Win32.cpp">
      <Filter>源文件\Thread</Filter>
    </ClCompile>
    <ClCompile Include="Lock\CSimpleWin32Lock.cpp">
      <Filter>源文件\Lock</Filter>
    </ClCompile>
    <ClCompile Include="Lock\LockFactory.cpp">
      <Filter>源文件\Lock</Filter>
    </ClCompile>
    <ClCompile Include="Archiver\ArchiverFactory.cpp">
      <Filter>源文件\Archiver</Filter>
    </ClCompile>
    <ClCompile Include="Base\COMTool.cpp">
      <Filter>源文件\Base</Filter>
    </ClCompile>
    <ClCompile Include="NetAdapter\NetAdapterTool.cpp">
      <Filter>源文件\NetAdapter</Filter>
    </ClCompile>
    <ClCompile Include="NetAdapter\CWin32NetAapterManager.cpp">
      <Filter>源文件\NetAdapter</Filter>
    </ClCompile>
    <ClCompile Include="NetAdapter\CWin32NetAdapter.cpp">
      <Filter>源文件\NetAdapter</Filter>
    </ClCompile>
    <ClCompile Include="NetAdapter\NetAdapterManagerFactory.cpp">
      <Filter>源文件\NetAdapter</Filter>
    </ClCompile>
    <ClCompile Include="FileSystem\FileSystemFactory.cpp">
      <Filter>源文件\FileSystem</Filter>
    </ClCompile>
    <ClCompile Include="FileSystem\FileSystemTool.cpp">
      <Filter>源文件\FileSystem</Filter>
    </ClCompile>
    <ClCompile Include="FileSystem\CWin32FileSystem.cpp">
      <Filter>源文件\FileSystem</Filter>
    </ClCompile>
    <ClCompile Include="FileSystem\CWin32File.cpp">
      <Filter>源文件\FileSystem</Filter>
    </ClCompile>
    <ClCompile Include="Library\LibraryManagerFactory.cpp">
      <Filter>源文件\Library</Filter>
    </ClCompile>
    <ClCompile Include="Library\CWin32Library.cpp">
      <Filter>源文件\Library</Filter>
    </ClCompile>
    <ClCompile Include="Library\CWin32LibraryManager.cpp">
      <Filter>源文件\Library</Filter>
    </ClCompile>
    <ClCompile Include="Library\LibraryTool.cpp">
      <Filter>源文件\Library</Filter>
    </ClCompile>
    <ClCompile Include="Thread\ThreadTool.cpp">
      <Filter>源文件\Thread</Filter>
    </ClCompile>
    <ClCompile Include="Thread\ThreadManagerFactory.cpp">
      <Filter>源文件\Thread</Filter>
    </ClCompile>
    <ClCompile Include="Thread\CWin32Thread.cpp">
      <Filter>源文件\Thread</Filter>
    </ClCompile>
    <ClCompile Include="Thread\CWin32ThreadManager.cpp">
      <Filter>源文件\Thread</Filter>
    </ClCompile>
    <ClCompile Include="Log\CFileLog.cpp">
      <Filter>源文件\Log</Filter>
    </ClCompile>
    <ClCompile Include="Log\LogFactory.cpp">
      <Filter>源文件\Log</Filter>
    </ClCompile>
    <ClCompile Include="RenderDevice\CGDIRenderDevice.cpp">
      <Filter>源文件\RenderDevice</Filter>
    </ClCompile>
    <ClCompile Include="RenderDevice\CGDIPRenderDevice.cpp">
      <Filter>源文件\RenderDevice</Filter>
    </ClCompile>
    <ClCompile Include="RenderDevice\RenderDeviceFactory.cpp">
      <Filter>源文件\RenderDevice</Filter>
    </ClCompile>
    <ClCompile Include="Font\CGDIPFont2D.cpp">
      <Filter>源文件\Font</Filter>
    </ClCompile>
    <ClCompile Include="Font\CGDIFont2D.cpp">
      <Filter>源文件\Font</Filter>
    </ClCompile>
    <ClCompile Include="Image\CGDIImage2D.cpp">
      <Filter>源文件\Image</Filter>
    </ClCompile>
    <ClCompile Include="Image\CGDIPImage2D.cpp">
      <Filter>源文件\Image</Filter>
    </ClCompile>
    <ClCompile Include="Image\CGDIPMultiFrameImage2D.cpp">
      <Filter>源文件\Image</Filter>
    </ClCompile>
    <ClCompile Include="Archiver\ArchiverTool.cpp">
      <Filter>源文件\Archiver</Filter>
    </ClCompile>
    <ClCompile Include="Image\GDIPImageTool.cpp">
      <Filter>源文件\Image</Filter>
    </ClCompile>
    <ClCompile Include="Archiver\Win32ZipArchiverUnpacker\zip\zip.cpp">
      <Filter>源文件\Archiver\Win32ZipArchiverUnpacker\zip</Filter>
    </ClCompile>
    <ClCompile Include="Archiver\Win32ZipArchiverUnpacker\zip\unzip.cpp">
      <Filter>源文件\Archiver\Win32ZipArchiverUnpacker\zip</Filter>
    </ClCompile>
    <ClCompile Include="Archiver\Win32ZipArchiverUnpacker\CZipArchiverUnpacker.cpp">
      <Filter>源文件\Archiver\Win32ZipArchiverUnpacker</Filter>
    </ClCompile>
    <ClCompile Include="Archiver\Win32ZipArchiverUnpacker\CZipArchiverItem.cpp">
      <Filter>源文件\Archiver\Win32ZipArchiverUnpacker</Filter>
    </ClCompile>
    <ClCompile Include="Archiver\Win32ZipArchiverUnpacker\CZipArchiverItemEnumerator.cpp">
      <Filter>源文件\Archiver\Win32ZipArchiverUnpacker</Filter>
    </ClCompile>
  </ItemGroup>
</Project>